
Microsoft Visual Studio Solution File, Format Version 12.00
# Visual Studio 15
VisualStudioVersion = 15.0.28307.102
MinimumVisualStudioVersion = 10.0.40219.1
Project("{9A19103F-16F7-4668-BE54-9A1E7A4F7556}") = "BridgeDesignPattern", "BridgeDesignPattern\BridgeDesignPattern.csproj", "{B74AA377-E505-42B6-846D-814A77A0CC36}"
EndProject
Project("{9A19103F-16F7-4668-BE54-9A1E7A4F7556}") = "AdapterDesignPattern", "AdapterDesignPattern\AdapterDesignPattern.csproj", "{AB62ED50-72D0-49F1-AF75-7CC3E82B76E6}"
EndProject
Project("{9A19103F-16F7-4668-BE54-9A1E7A4F7556}") = "CommandDesignPattern", "CommandDesignPattern\CommandDesignPattern.csproj", "{88DF76C8-A529-4256-9968-650EBC861CD7}"
EndProject
Project("{9A19103F-16F7-4668-BE54-9A1E7A4F7556}") = "FactoryDesignPattern", "FactoryDesignPattern\FactoryDesignPattern.csproj", "{2982DE39-AE29-498F-AD86-8221789ED707}"
EndProject
Project("{9A19103F-16F7-4668-BE54-9A1E7A4F7556}") = "SingletoneDesignPattern", "SingletoneDesignPattern\SingletoneDesignPattern.csproj", "{0E034AAC-6D89-4D7C-882B-D0793B9A9AAD}"
EndProject
Project("{FAE04EC0-301F-11D3-BF4B-00C04F79EFBC}") = "ObserverDesignPattern", "ObserverDesignPattern\ObserverDesignPattern.csproj", "{3ED18162-6C4E-49AD-B828-B1495474674E}"
EndProject
Project("{FAE04EC0-301F-11D3-BF4B-00C04F79EFBC}") = "ProxyDesignPattern", "ProxyDesignPattern\ProxyDesignPattern.csproj", "{1C9556DC-2BD8-4D39-A43A-B34D1D0DA551}"
EndProject
Project("{FAE04EC0-301F-11D3-BF4B-00C04F79EFBC}") = "PrototypeDesignPattern", "PrototypeDesignPattern\PrototypeDesignPattern.csproj", "{3285AC36-550E-48E4-BF29-9A9DB8DE23C9}"
EndProject
Project("{FAE04EC0-301F-11D3-BF4B-00C04F79EFBC}") = "BuilderDesignPattern", "BuilderDesignPattern\BuilderDesignPattern.csproj", "{9D096FA0-5018-4347-A104-E593BC7598E7}"
EndProject
Global
	GlobalSection(SolutionConfigurationPlatforms) = preSolution
		Debug|Any CPU = Debug|Any CPU
		Release|Any CPU = Release|Any CPU
	EndGlobalSection
	GlobalSection(ProjectConfigurationPlatforms) = postSolution
		{B74AA377-E505-42B6-846D-814A77A0CC36}.Debug|Any CPU.ActiveCfg = Debug|Any CPU
		{B74AA377-E505-42B6-846D-814A77A0CC36}.Debug|Any CPU.Build.0 = Debug|Any CPU
		{B74AA377-E505-42B6-846D-814A77A0CC36}.Release|Any CPU.ActiveCfg = Release|Any CPU
		{B74AA377-E505-42B6-846D-814A77A0CC36}.Release|Any CPU.Build.0 = Release|Any CPU
		{AB62ED50-72D0-49F1-AF75-7CC3E82B76E6}.Debug|Any CPU.ActiveCfg = Debug|Any CPU
		{AB62ED50-72D0-49F1-AF75-7CC3E82B76E6}.Debug|Any CPU.Build.0 = Debug|Any CPU
		{AB62ED50-72D0-49F1-AF75-7CC3E82B76E6}.Release|Any CPU.ActiveCfg = Release|Any CPU
		{AB62ED50-72D0-49F1-AF75-7CC3E82B76E6}.Release|Any CPU.Build.0 = Release|Any CPU
		{88DF76C8-A529-4256-9968-650EBC861CD7}.Debug|Any CPU.ActiveCfg = Debug|Any CPU
		{88DF76C8-A529-4256-9968-650EBC861CD7}.Debug|Any CPU.Build.0 = Debug|Any CPU
		{88DF76C8-A529-4256-9968-650EBC861CD7}.Release|Any CPU.ActiveCfg = Release|Any CPU
		{88DF76C8-A529-4256-9968-650EBC861CD7}.Release|Any CPU.Build.0 = Release|Any CPU
		{2982DE39-AE29-498F-AD86-8221789ED707}.Debug|Any CPU.ActiveCfg = Debug|Any CPU
		{2982DE39-AE29-498F-AD86-8221789ED707}.Debug|Any CPU.Build.0 = Debug|Any CPU
		{2982DE39-AE29-498F-AD86-8221789ED707}.Release|Any CPU.ActiveCfg = Release|Any CPU
		{2982DE39-AE29-498F-AD86-8221789ED707}.Release|Any CPU.Build.0 = Release|Any CPU
		{0E034AAC-6D89-4D7C-882B-D0793B9A9AAD}.Debug|Any CPU.ActiveCfg = Debug|Any CPU
		{0E034AAC-6D89-4D7C-882B-D0793B9A9AAD}.Debug|Any CPU.Build.0 = Debug|Any CPU
		{0E034AAC-6D89-4D7C-882B-D0793B9A9AAD}.Release|Any CPU.ActiveCfg = Release|Any CPU
		{0E034AAC-6D89-4D7C-882B-D0793B9A9AAD}.Release|Any CPU.Build.0 = Release|Any CPU
		{3ED18162-6C4E-49AD-B828-B1495474674E}.Debug|Any CPU.ActiveCfg = Debug|Any CPU
		{3ED18162-6C4E-49AD-B828-B1495474674E}.Debug|Any CPU.Build.0 = Debug|Any CPU
		{3ED18162-6C4E-49AD-B828-B1495474674E}.Release|Any CPU.ActiveCfg = Release|Any CPU
		{3ED18162-6C4E-49AD-B828-B1495474674E}.Release|Any CPU.Build.0 = Release|Any CPU
		{1C9556DC-2BD8-4D39-A43A-B34D1D0DA551}.Debug|Any CPU.ActiveCfg = Debug|Any CPU
		{1C9556DC-2BD8-4D39-A43A-B34D1D0DA551}.Debug|Any CPU.Build.0 = Debug|Any CPU
		{1C9556DC-2BD8-4D39-A43A-B34D1D0DA551}.Release|Any CPU.ActiveCfg = Release|Any CPU
		{1C9556DC-2BD8-4D39-A43A-B34D1D0DA551}.Release|Any CPU.Build.0 = Release|Any CPU
		{3285AC36-550E-48E4-BF29-9A9DB8DE23C9}.Debug|Any CPU.ActiveCfg = Debug|Any CPU
		{3285AC36-550E-48E4-BF29-9A9DB8DE23C9}.Debug|Any CPU.Build.0 = Debug|Any CPU
		{3285AC36-550E-48E4-BF29-9A9DB8DE23C9}.Release|Any CPU.ActiveCfg = Release|Any CPU
		{3285AC36-550E-48E4-BF29-9A9DB8DE23C9}.Release|Any CPU.Build.0 = Release|Any CPU
		{9D096FA0-5018-4347-A104-E593BC7598E7}.Debug|Any CPU.ActiveCfg = Debug|Any CPU
		{9D096FA0-5018-4347-A104-E593BC7598E7}.Debug|Any CPU.Build.0 = Debug|Any CPU
		{9D096FA0-5018-4347-A104-E593BC7598E7}.Release|Any CPU.ActiveCfg = Release|Any CPU
		{9D096FA0-5018-4347-A104-E593BC7598E7}.Release|Any CPU.Build.0 = Release|Any CPU
	EndGlobalSection
	GlobalSection(SolutionProperties) = preSolution
		HideSolutionNode = FALSE
	EndGlobalSection
	GlobalSection(ExtensibilityGlobals) = postSolution
		SolutionGuid = {88F11ACC-E3AB-448B-96BF-1A6BBFD65C49}
	EndGlobalSection
EndGlobal
